
Microsoft Visual Studio Solution File, Format Version 12.00
Project("{FAE04EC0-301F-11D3-BF4B-00C04F79EFBC}") = "COMP003A.EmployeeManagementSystem", "COMP003A.EmployeeManagementSystem\COMP003A.EmployeeManagementSystem.csproj", "{3443640F-09AE-4177-82EE-0E6E70C033D1}"
EndProject
Global
	GlobalSection(SolutionConfigurationPlatforms) = preSolution
		Debug|Any CPU = Debug|Any CPU
		Release|Any CPU = Release|Any CPU
	EndGlobalSection
	GlobalSection(ProjectConfigurationPlatforms) = postSolution
		{3443640F-09AE-4177-82EE-0E6E70C033D1}.Debug|Any CPU.ActiveCfg = Debug|Any CPU
		{3443640F-09AE-4177-82EE-0E6E70C033D1}.Debug|Any CPU.Build.0 = Debug|Any CPU
		{3443640F-09AE-4177-82EE-0E6E70C033D1}.Release|Any CPU.ActiveCfg = Release|Any CPU
		{3443640F-09AE-4177-82EE-0E6E70C033D1}.Release|Any CPU.Build.0 = Release|Any CPU
	EndGlobalSection
EndGlobal
